version = 1
revision = 3
requires-python = ">=3.13"

[[package]]
name = "asgiref"
version = "3.11.1"
source = { registry = "https://pypi.org/simple" }
sdist = { url = "https://files.pythonhosted.org/packages/63/40/f03da1264ae8f7cfdbf9146542e5e7e8100a4c66ab48e791df9a03d3f6c0/asgiref-3.11.1.tar.gz", hash = "sha256:5f184dc43b7e763efe848065441eac62229c9f7b0475f41f80e207a114eda4ce", size = 38550, upload-time = "2026-02-03T13:30:14.33Z" }
wheels = [
    { url = "https://files.pythonhosted.org/packages/5c/0a/a72d10ed65068e115044937873362e6e32fab1b7dce0046aeb224682c989/asgiref-3.11.1-py3-none-any.whl", hash = "sha256:e8667a091e69529631969fd45dc268fa79b99c92c5fcdda727757e52146ec133", size = 24345, upload-time = "2026-02-03T13:30:13.039Z" },
]

[[package]]
name = "cooking-recipe-api"
version = "0.1.0"
source = { virtual = "." }
dependencies = [
    { name = "django" },
    { name = "djangorestframework" },
    { name = "psycopg", extra = ["binary", "pool"] },
]

[package.dev-dependencies]
dev = [
    { name = "django-stubs" },
    { name = "djangorestframework-stubs" },
    { name = "pyrefly" },
    { name = "python-dotenv" },
    { name = "ruff" },
]

[package.metadata]
requires-dist = [
    { name = "django", specifier = ">=6.0.2" },
    { name = "djangorestframework", specifier = ">=3.16.1" },
    { name = "psycopg", extras = ["binary", "pool"], specifier = ">=3.3.2" },
]

[package.metadata.requires-dev]
dev = [
    { name = "django-stubs", specifier = ">=5.2.9" },
    { name = "djangorestframework-stubs", specifier = ">=3.16.8" },
    { name = "pyrefly", specifier = ">=0.52.0" },
    { name = "python-dotenv", specifier = ">=1.2.1" },
    { name = "ruff", specifier = ">=0.15.1" },
]

[[package]]
name = "django"
version = "6.0.2"
source = { registry = "https://pypi.org/simple" }
dependencies = [
    { name = "asgiref" },
    { name = "sqlparse" },
    { name = "tzdata", marker = "sys_platform == 'win32'" },
]
sdist = { url = "https://files.pythonhosted.org/packages/26/3e/a1c4207c5dea4697b7a3387e26584919ba987d8f9320f59dc0b5c557a4eb/django-6.0.2.tar.gz", hash = "sha256:3046a53b0e40d4b676c3b774c73411d7184ae2745fe8ce5e45c0f33d3ddb71a7", size = 10886874, upload-time = "2026-02-03T13:50:31.596Z" }
wheels = [
    { url = "https://files.pythonhosted.org/packages/96/ba/a6e2992bc5b8c688249c00ea48cb1b7a9bc09839328c81dc603671460928/django-6.0.2-py3-none-any.whl", hash = "sha256:610dd3b13d15ec3f1e1d257caedd751db8033c5ad8ea0e2d1219a8acf446ecc6", size = 8339381, upload-time = "2026-02-03T13:50:15.501Z" },
]

[[package]]
name = "django-stubs"
version = "5.2.9"
source = { registry = "https://pypi.org/simple" }
dependencies = [
    { name = "django" },
    { name = "django-stubs-ext" },
    { name = "types-pyyaml" },
    { name = "typing-extensions" },
]
sdist = { url = "https://files.pythonhosted.org/packages/9c/01/86c921e0e19c9fa7e705bf795998dbf55eb183e7be0342a3027dc1bcbc9f/django_stubs-5.2.9.tar.gz", hash = "sha256:c192257120b08785cfe6f2f1c91f1797aceae8e9daa689c336e52c91e8f6a493", size = 257970, upload-time = "2026-01-20T23:59:27.018Z" }
wheels = [
    { url = "https://files.pythonhosted.org/packages/0d/05/4c9c419b7051eb4b350100b086be6df487f968ab672d3d370f8ccf7c3746/django_stubs-5.2.9-py3-none-any.whl", hash = "sha256:2317a7130afdaa76f6ff7f623650d7f3bf1b6c86a60f95840e14e6ec6de1a7cd", size = 508656, upload-time = "2026-01-20T23:59:25.12Z" },
]

[[package]]
name = "django-stubs-ext"
version = "5.2.9"
source = { registry = "https://pypi.org/simple" }
dependencies = [
    { name = "django" },
    { name = "typing-extensions" },
]
sdist = { url = "https://files.pythonhosted.org/packages/55/03/9c2be939490d2282328db4611bc5956899f5ff7eabc3e88bd4b964a87373/django_stubs_ext-5.2.9.tar.gz", hash = "sha256:6db4054d1580657b979b7d391474719f1a978773e66c7070a5e246cd445a25a9", size = 6497, upload-time = "2026-01-20T23:58:59.462Z" }
wheels = [
    { url = "https://files.pythonhosted.org/packages/9b/f7/0d5f7d7e76fe972d9f560f687fdc0cab4db9e1624fd90728ca29b4ed7a63/django_stubs_ext-5.2.9-py3-none-any.whl", hash = "sha256:230c51575551b0165be40177f0f6805f1e3ebf799b835c85f5d64c371ca6cf71", size = 9974, upload-time = "2026-01-20T23:58:58.438Z" },
]

[[package]]
name = "djangorestframework"
version = "3.16.1"
source = { registry = "https://pypi.org/simple" }
dependencies = [
    { name = "django" },
]
sdist = { url = "https://files.pythonhosted.org/packages/8a/95/5376fe618646fde6899b3cdc85fd959716bb67542e273a76a80d9f326f27/djangorestframework-3.16.1.tar.gz", hash = "sha256:166809528b1aced0a17dc66c24492af18049f2c9420dbd0be29422029cfc3ff7", size = 1089735, upload-time = "2025-08-06T17:50:53.251Z" }
wheels = [
    { url = "https://files.pythonhosted.org/packages/b0/ce/bf8b9d3f415be4ac5588545b5fcdbbb841977db1c1d923f7568eeabe1689/djangorestframework-3.16.1-py3-none-any.whl", hash = "sha256:33a59f47fb9c85ede792cbf88bde71893bcda0667bc573f784649521f1102cec", size = 1080442, upload-time = "2025-08-06T17:50:50.667Z" },
]

[[package]]
name = "djangorestframework-stubs"
version = "3.16.8"
source = { registry = "https://pypi.org/simple" }
dependencies = [
    { name = "django-stubs" },
    { name = "types-pyyaml" },
    { name = "typing-extensions" },
]
sdist = { url = "https://files.pythonhosted.org/packages/78/d5/87166a827833eb39703856ef957ca0fb4e9d15285331251186a2e738c20c/djangorestframework_stubs-3.16.8.tar.gz", hash = "sha256:f6d464b54fa2f929610e957446c04e6ac29558265418e0a2d9f653a4cdd410b5", size = 32312, upload-time = "2026-02-03T22:35:53.182Z" }
wheels = [
    { url = "https://files.pythonhosted.org/packages/ea/e9/d9c363b08d07d975c21793fe821b2020dfd3627ac4ce19c5c12df94ce9d0/djangorestframework_stubs-3.16.8-py3-none-any.whl", hash = "sha256:c5bf61def0f330a071dd5f470f05710189d06c467b3f3e186b32c5a23d4952fb", size = 56517, upload-time = "2026-02-03T22:35:50.67Z" },
]

[[package]]
name = "psycopg"
version = "3.3.2"
source = { registry = "https://pypi.org/simple" }
dependencies = [
    { name = "tzdata", marker = "sys_platform == 'win32'" },
]
sdist = { url = "https://files.pythonhosted.org/packages/e0/1a/7d9ef4fdc13ef7f15b934c393edc97a35c281bb7d3c3329fbfcbe915a7c2/psycopg-3.3.2.tar.gz", hash = "sha256:707a67975ee214d200511177a6a80e56e654754c9afca06a7194ea6bbfde9ca7", size = 165630, upload-time = "2025-12-06T17:34:53.899Z" }
wheels = [
    { url = "https://files.pythonhosted.org/packages/8c/51/2779ccdf9305981a06b21a6b27e8547c948d85c41c76ff434192784a4c93/psycopg-3.3.2-py3-none-any.whl", hash = "sha256:3e94bc5f4690247d734599af56e51bae8e0db8e4311ea413f801fef82b14a99b", size = 212774, upload-time = "2025-12-06T17:31:41.414Z" },
]

[package.optional-dependencies]
binary = [
    { name = "psycopg-binary", marker = "implementation_name != 'pypy'" },
]
pool = [
    { name = "psycopg-pool" },
]

[[package]]
name = "psycopg-binary"
version = "3.3.2"
source = { registry = "https://pypi.org/simple" }
wheels = [
    { url = "https://files.pythonhosted.org/packages/14/73/7ca7cb22b9ac7393fb5de7d28ca97e8347c375c8498b3bff2c99c1f38038/psycopg_binary-3.3.2-cp313-cp313-macosx_10_13_x86_64.whl", hash = "sha256:fc5a189e89cbfff174588665bb18d28d2d0428366cc9dae5864afcaa2e57380b", size = 4579068, upload-time = "2025-12-06T17:33:39.303Z" },
    { url = "https://files.pythonhosted.org/packages/f5/42/0cf38ff6c62c792fc5b55398a853a77663210ebd51ed6f0c4a05b06f95a6/psycopg_binary-3.3.2-cp313-cp313-macosx_11_0_arm64.whl", hash = "sha256:083c2e182be433f290dc2c516fd72b9b47054fcd305cce791e0a50d9e93e06f2", size = 4657520, upload-time = "2025-12-06T17:33:42.536Z" },
    { url = "https://files.pythonhosted.org/packages/3b/60/df846bc84cbf2231e01b0fff48b09841fe486fa177665e50f4995b1bfa44/psycopg_binary-3.3.2-cp313-cp313-manylinux2014_ppc64le.manylinux_2_17_ppc64le.whl", hash = "sha256:ac230e3643d1c436a2dfb59ca84357dfc6862c9f372fc5dbd96bafecae581f9f", size = 5452086, upload-time = "2025-12-06T17:33:46.54Z" },
    { url = "https://files.pythonhosted.org/packages/ab/85/30c846a00db86b1b53fd5bfd4b4edfbd0c00de8f2c75dd105610bd7568fc/psycopg_binary-3.3.2-cp313-cp313-manylinux2014_x86_64.manylinux_2_17_x86_64.whl", hash = "sha256:d8c899a540f6c7585cee53cddc929dd4d2db90fd828e37f5d4017b63acbc1a5d", size = 5131125, upload-time = "2025-12-06T17:33:50.413Z" },
    { url = "https://files.pythonhosted.org/packages/6d/15/9968732013373f36f8a2a3fb76104dffc8efd9db78709caa5ae1a87b1f80/psycopg_binary-3.3.2-cp313-cp313-manylinux_2_27_aarch64.manylinux_2_28_aarch64.whl", hash = "sha256:50ff10ab8c0abdb5a5451b9315538865b50ba64c907742a1385fdf5f5772b73e", size = 6722914, upload-time = "2025-12-06T17:33:54.544Z" },
    { url = "https://files.pythonhosted.org/packages/b2/ba/29e361fe02143ac5ff5a1ca3e45697344cfbebe2eaf8c4e7eec164bff9a0/psycopg_binary-3.3.2-cp313-cp313-manylinux_2_38_riscv64.manylinux_2_39_riscv64.whl", hash = "sha256:23d2594af848c1fd3d874a9364bef50730124e72df7bb145a20cb45e728c50ed", size = 4966081, upload-time = "2025-12-06T17:33:58.477Z" },
    { url = "https://files.pythonhosted.org/packages/99/45/1be90c8f1a1a237046903e91202fb06708745c179f220b361d6333ed7641/psycopg_binary-3.3.2-cp313-cp313-musllinux_1_2_aarch64.whl", hash = "sha256:ea4fe6b4ead3bbbe27244ea224fcd1f53cb119afc38b71a2f3ce570149a03e30", size = 4493332, upload-time = "2025-12-06T17:34:02.011Z" },
    { url = "https://files.pythonhosted.org/packages/2e/b5/bbdc07d5f0a5e90c617abd624368182aa131485e18038b2c6c85fc054aed/psycopg_binary-3.3.2-cp313-cp313-musllinux_1_2_ppc64le.whl", hash = "sha256:742ce48cde825b8e52fb1a658253d6d1ff66d152081cbc76aa45e2986534858d", size = 4170781, upload-time = "2025-12-06T17:34:05.298Z" },
    { url = "https://files.pythonhosted.org/packages/d1/2a/0d45e4f4da2bd78c3237ffa03475ef3751f69a81919c54a6e610eb1a7c96/psycopg_binary-3.3.2-cp313-cp313-musllinux_1_2_riscv64.whl", hash = "sha256:e22bf6b54df994aff37ab52695d635f1ef73155e781eee1f5fa75bc08b58c8da", size = 3910544, upload-time = "2025-12-06T17:34:08.251Z" },
    { url = "https://files.pythonhosted.org/packages/3a/62/a8e0f092f4dbef9a94b032fb71e214cf0a375010692fbe7493a766339e47/psycopg_binary-3.3.2-cp313-cp313-musllinux_1_2_x86_64.whl", hash = "sha256:8db9034cde3bcdafc66980f0130813f5c5d19e74b3f2a19fb3cfbc25ad113121", size = 4220070, upload-time = "2025-12-06T17:34:11.392Z" },
    { url = "https://files.pythonhosted.org/packages/09/e6/5fc8d8aff8afa114bb4a94a0341b9309311e8bf3ab32d816032f8b984d4e/psycopg_binary-3.3.2-cp313-cp313-win_amd64.whl", hash = "sha256:df65174c7cf6b05ea273ce955927d3270b3a6e27b0b12762b009ce6082b8d3fc", size = 3540922, upload-time = "2025-12-06T17:34:14.88Z" },
    { url = "https://files.pythonhosted.org/packages/bd/75/ad18c0b97b852aba286d06befb398cc6d383e9dfd0a518369af275a5a526/psycopg_binary-3.3.2-cp314-cp314-macosx_10_15_x86_64.whl", hash = "sha256:9ca24062cd9b2270e4d77576042e9cc2b1d543f09da5aba1f1a3d016cea28390", size = 4596371, upload-time = "2025-12-06T17:34:18.007Z" },
    { url = "https://files.pythonhosted.org/packages/5a/79/91649d94c8d89f84af5da7c9d474bfba35b08eb8f492ca3422b08f0a6427/psycopg_binary-3.3.2-cp314-cp314-macosx_11_0_arm64.whl", hash = "sha256:c749770da0947bc972e512f35366dd4950c0e34afad89e60b9787a37e97cb443", size = 4675139, upload-time = "2025-12-06T17:34:21.374Z" },
    { url = "https://files.pythonhosted.org/packages/56/ac/b26e004880f054549ec9396594e1ffe435810b0673e428e619ed722e4244/psycopg_binary-3.3.2-cp314-cp314-manylinux2014_ppc64le.manylinux_2_17_ppc64le.whl", hash = "sha256:03b7cd73fb8c45d272a34ae7249713e32492891492681e3cf11dff9531cf37e9", size = 5456120, upload-time = "2025-12-06T17:34:25.102Z" },
    { url = "https://files.pythonhosted.org/packages/4b/8d/410681dccd6f2999fb115cc248521ec50dd2b0aba66ae8de7e81efdebbee/psycopg_binary-3.3.2-cp314-cp314-manylinux2014_x86_64.manylinux_2_17_x86_64.whl", hash = "sha256:43b130e3b6edcb5ee856c7167ccb8561b473308c870ed83978ae478613764f1c", size = 5133484, upload-time = "2025-12-06T17:34:28.933Z" },
    { url = "https://files.pythonhosted.org/packages/66/30/ebbab99ea2cfa099d7b11b742ce13415d44f800555bfa4ad2911dc645b71/psycopg_binary-3.3.2-cp314-cp314-manylinux_2_27_aarch64.manylinux_2_28_aarch64.whl", hash = "sha256:7c1feba5a8c617922321aef945865334e468337b8fc5c73074f5e63143013b5a", size = 6731818, upload-time = "2025-12-06T17:34:33.094Z" },
    { url = "https://files.pythonhosted.org/packages/70/02/d260646253b7ad805d60e0de47f9b811d6544078452579466a098598b6f4/psycopg_binary-3.3.2-cp314-cp314-manylinux_2_38_riscv64.manylinux_2_39_riscv64.whl", hash = "sha256:cabb2a554d9a0a6bf84037d86ca91782f087dfff2a61298d0b00c19c0bc43f6d", size = 4983859, upload-time = "2025-12-06T17:34:36.457Z" },
    { url = "https://files.pythonhosted.org/packages/72/8d/e778d7bad1a7910aa36281f092bd85c5702f508fd9bb0ea2020ffbb6585c/psycopg_binary-3.3.2-cp314-cp314-musllinux_1_2_aarch64.whl", hash = "sha256:74bc306c4b4df35b09bc8cecf806b271e1c5d708f7900145e4e54a2e5dedfed0", size = 4516388, upload-time = "2025-12-06T17:34:40.129Z" },
    { url = "https://files.pythonhosted.org/packages/bd/f1/64e82098722e2ab3521797584caf515284be09c1e08a872551b6edbb0074/psycopg_binary-3.3.2-cp314-cp314-musllinux_1_2_ppc64le.whl", hash = "sha256:d79b0093f0fbf7a962d6a46ae292dc056c65d16a8ee9361f3cfbafd4c197ab14", size = 4192382, upload-time = "2025-12-06T17:34:43.279Z" },
    { url = "https://files.pythonhosted.org/packages/fa/d0/c20f4e668e89494972e551c31be2a0016e3f50d552d7ae9ac07086407599/psycopg_binary-3.3.2-cp314-cp314-musllinux_1_2_riscv64.whl", hash = "sha256:1586e220be05547c77afc326741dd41cc7fba38a81f9931f616ae98865439678", size = 3928660, upload-time = "2025-12-06T17:34:46.757Z" },
    { url = "https://files.pythonhosted.org/packages/0f/e1/99746c171de22539fd5eb1c9ca21dc805b54cfae502d7451d237d1dbc349/psycopg_binary-3.3.2-cp314-cp314-musllinux_1_2_x86_64.whl", hash = "sha256:458696a5fa5dad5b6fb5d5862c22454434ce4fe1cf66ca6c0de5f904cbc1ae3e", size = 4239169, upload-time = "2025-12-06T17:34:49.751Z" },
    { url = "https://files.pythonhosted.org/packages/72/f7/212343c1c9cfac35fd943c527af85e9091d633176e2a407a0797856ff7b9/psycopg_binary-3.3.2-cp314-cp314-win_amd64.whl", hash = "sha256:04bb2de4ba69d6f8395b446ede795e8884c040ec71d01dd07ac2b2d18d4153d1", size = 3642122, upload-time = "2025-12-06T17:34:52.506Z" },
]

[[package]]
name = "psycopg-pool"
version = "3.3.0"
source = { registry = "https://pypi.org/simple" }
dependencies = [
    { name = "typing-extensions" },
]
sdist = { url = "https://files.pythonhosted.org/packages/56/9a/9470d013d0d50af0da9c4251614aeb3c1823635cab3edc211e3839db0bcf/psycopg_pool-3.3.0.tar.gz", hash = "sha256:fa115eb2860bd88fce1717d75611f41490dec6135efb619611142b24da3f6db5", size = 31606, upload-time = "2025-12-01T11:34:33.11Z" }
wheels = [
    { url = "https://files.pythonhosted.org/packages/e7/c3/26b8a0908a9db249de3b4169692e1c7c19048a9bc41a4d3209cee7dbb758/psycopg_pool-3.3.0-py3-none-any.whl", hash = "sha256:2e44329155c410b5e8666372db44276a8b1ebd8c90f1c3026ebba40d4bc81063", size = 39995, upload-time = "2025-12-01T11:34:29.761Z" },
]

[[package]]
name = "pyrefly"
version = "0.52.0"
source = { registry = "https://pypi.org/simple" }
sdist = { url = "https://files.pythonhosted.org/packages/93/bc/a65b3f8a04b941121868c07f1e65db223c1a101b6adf0ff3db5240ad24ea/pyrefly-0.52.0.tar.gz", hash = "sha256:abe022b68e67a2fd9adad4f8fe2deced2a786df32601b0eecbb00b40ea1f3b93", size = 4967100, upload-time = "2026-02-09T15:30:03.745Z" }
wheels = [
    { url = "https://files.pythonhosted.org/packages/e7/32/74a3b3ed6b38fef8aba3437e02824bf670b017123126bb83597c0aa42e98/pyrefly-0.52.0-py3-none-macosx_10_12_x86_64.whl", hash = "sha256:90d7bf2fb812ee3a920a962da2aa2387e2f4109c62604e5be1a736046a3260c7", size = 11773462, upload-time = "2026-02-09T15:29:44.995Z" },
    { url = "https://files.pythonhosted.org/packages/31/d4/efb4aecca57bc42871b3004af04324e637057902417d89757c4077474b98/pyrefly-0.52.0-py3-none-macosx_11_0_arm64.whl", hash = "sha256:848764fdbc474fd36412d7ccf230d13a12ab3b2c28968124d9e9d51df79b7b8e", size = 11355651, upload-time = "2026-02-09T15:29:46.992Z" },
    { url = "https://files.pythonhosted.org/packages/d8/b9/80e0becaaafe0ca55b06868e942aa7f68a42644a156fdc7bedf2ae851d65/pyrefly-0.52.0-py3-none-manylinux_2_17_aarch64.manylinux2014_aarch64.whl", hash = "sha256:43b712830df1247798fb79f478a236b0ffbe5983bdde5eb2f5b99a9411e09f35", size = 31906389, upload-time = "2026-02-09T15:29:49.138Z" },
    { url = "https://files.pythonhosted.org/packages/44/78/f6ff1e9c86eebad5feef97301789bb9ef22a5816931809cbb063e5e6acb9/pyrefly-0.52.0-py3-none-manylinux_2_17_i686.manylinux2014_i686.whl", hash = "sha256:baa4130c460ad7c8d7efcff9017b7bc74c71736c5959ebfc2b7e405c2ce07d5d", size = 34292755, upload-time = "2026-02-09T15:29:52.12Z" },
    { url = "https://files.pythonhosted.org/packages/c6/d4/5798fbec917aa2481de9ed4dc550824383b115c67b57be2ca6da43a91850/pyrefly-0.52.0-py3-none-manylinux_2_17_x86_64.manylinux2014_x86_64.whl", hash = "sha256:3297751b1b13ecb582af48c8798e0b652c41c33a7e4ed72676164b29561655f6", size = 36943447, upload-time = "2026-02-09T15:29:54.858Z" },
    { url = "https://files.pythonhosted.org/packages/67/91/963f6afb1cc0fd020f925137d64f437b777fd31907ac34589e9a9f949069/pyrefly-0.52.0-py3-none-win32.whl", hash = "sha256:d24ed11ef5eab93625df0bb4e67f7f946208b2b0ed4359b78f69cabbc6f78e3d", size = 10836046, upload-time = "2026-02-09T15:29:57.661Z" },
    { url = "https://files.pythonhosted.org/packages/be/e7/d2699327bef724d79b0afb11723497369a2876ec5715a78878abf49253dd/pyrefly-0.52.0-py3-none-win_amd64.whl", hash = "sha256:0e5bee368fbdce6430b7672304bc4e36f11bc3b72ad067cbfde934d380701a3b", size = 11622998, upload-time = "2026-02-09T15:29:59.595Z" },
    { url = "https://files.pythonhosted.org/packages/ff/57/491936d2293fee8ef91c2d16a841022decfd0824d1eda37ea87e667c41b9/pyrefly-0.52.0-py3-none-win_arm64.whl", hash = "sha256:8cabc07740e90c0baea12a1e7c48d6422130a19331033e8d9a16dd63e7e90db0", size = 11131664, upload-time = "2026-02-09T15:30:01.957Z" },
]

[[package]]
name = "python-dotenv"
version = "1.2.1"
source = { registry = "https://pypi.org/simple" }
sdist = { url = "https://files.pythonhosted.org/packages/f0/26/19cadc79a718c5edbec86fd4919a6b6d3f681039a2f6d66d14be94e75fb9/python_dotenv-1.2.1.tar.gz", hash = "sha256:42667e897e16ab0d66954af0e60a9caa94f0fd4ecf3aaf6d2d260eec1aa36ad6", size = 44221, upload-time = "2025-10-26T15:12:10.434Z" }
wheels = [
    { url = "https://files.pythonhosted.org/packages/14/1b/a298b06749107c305e1fe0f814c6c74aea7b2f1e10989cb30f544a1b3253/python_dotenv-1.2.1-py3-none-any.whl", hash = "sha256:b81ee9561e9ca4004139c6cbba3a238c32b03e4894671e181b671e8cb8425d61", size = 21230, upload-time = "2025-10-26T15:12:09.109Z" },
]

[[package]]
name = "ruff"
version = "0.15.1"
source = { registry = "https://pypi.org/simple" }
sdist = { url = "https://files.pythonhosted.org/packages/04/dc/4e6ac71b511b141cf626357a3946679abeba4cf67bc7cc5a17920f31e10d/ruff-0.15.1.tar.gz", hash = "sha256:c590fe13fb57c97141ae975c03a1aedb3d3156030cabd740d6ff0b0d601e203f", size = 4540855, upload-time = "2026-02-12T23:09:09.998Z" }
wheels = [
    { url = "https://files.pythonhosted.org/packages/23/bf/e6e4324238c17f9d9120a9d60aa99a7daaa21204c07fcd84e2ef03bb5fd1/ruff-0.15.1-py3-none-linux_armv6l.whl", hash = "sha256:b101ed7cf4615bda6ffe65bdb59f964e9f4a0d3f85cbf0e54f0ab76d7b90228a", size = 10367819, upload-time = "2026-02-12T23:09:03.598Z" },
    { url = "https://files.pythonhosted.org/packages/b3/ea/c8f89d32e7912269d38c58f3649e453ac32c528f93bb7f4219258be2e7ed/ruff-0.15.1-py3-none-macosx_10_12_x86_64.whl", hash = "sha256:939c995e9277e63ea632cc8d3fae17aa758526f49a9a850d2e7e758bfef46602", size = 10798618, upload-time = "2026-02-12T23:09:22.928Z" },
    { url = "https://files.pythonhosted.org/packages/5e/0f/1d0d88bc862624247d82c20c10d4c0f6bb2f346559d8af281674cf327f15/ruff-0.15.1-py3-none-macosx_11_0_arm64.whl", hash = "sha256:1d83466455fdefe60b8d9c8df81d3c1bbb2115cede53549d3b522ce2bc703899", size = 10148518, upload-time = "2026-02-12T23:08:58.339Z" },
    { url = "https://files.pythonhosted.org/packages/f5/c8/291c49cefaa4a9248e986256df2ade7add79388fe179e0691be06fae6f37/ruff-0.15.1-py3-none-manylinux_2_17_aarch64.manylinux2014_aarch64.whl", hash = "sha256:a9457e3c3291024866222b96108ab2d8265b477e5b1534c7ddb1810904858d16", size = 10518811, upload-time = "2026-02-12T23:09:31.865Z" },
    { url = "https://files.pythonhosted.org/packages/c3/1a/f5707440e5ae43ffa5365cac8bbb91e9665f4a883f560893829cf16a606b/ruff-0.15.1-py3-none-manylinux_2_17_armv7l.manylinux2014_armv7l.whl", hash = "sha256:92c92b003e9d4f7fbd33b1867bb15a1b785b1735069108dfc23821ba045b29bc", size = 10196169, upload-time = "2026-02-12T23:09:17.306Z" },
    { url = "https://files.pythonhosted.org/packages/2a/ff/26ddc8c4da04c8fd3ee65a89c9fb99eaa5c30394269d424461467be2271f/ruff-0.15.1-py3-none-manylinux_2_17_i686.manylinux2014_i686.whl", hash = "sha256:1fe5c41ab43e3a06778844c586251eb5a510f67125427625f9eb2b9526535779", size = 10990491, upload-time = "2026-02-12T23:09:25.503Z" },
    { url = "https://files.pythonhosted.org/packages/fc/00/50920cb385b89413f7cdb4bb9bc8fc59c1b0f30028d8bccc294189a54955/ruff-0.15.1-py3-none-manylinux_2_17_ppc64le.manylinux2014_ppc64le.whl", hash = "sha256:66a6dd6df4d80dc382c6484f8ce1bcceb55c32e9f27a8b94c32f6c7331bf14fb", size = 11843280, upload-time = "2026-02-12T23:09:19.88Z" },
    { url = "https://files.pythonhosted.org/packages/5d/6d/2f5cad8380caf5632a15460c323ae326f1e1a2b5b90a6ee7519017a017ca/ruff-0.15.1-py3-none-manylinux_2_17_s390x.manylinux2014_s390x.whl", hash = "sha256:6a4a42cbb8af0bda9bcd7606b064d7c0bc311a88d141d02f78920be6acb5aa83", size = 11274336, upload-time = "2026-02-12T23:09:14.907Z" },
    { url = "https://files.pythonhosted.org/packages/a3/1d/5f56cae1d6c40b8a318513599b35ea4b075d7dc1cd1d04449578c29d1d75/ruff-0.15.1-py3-none-manylinux_2_17_x86_64.manylinux2014_x86_64.whl", hash = "sha256:4ab064052c31dddada35079901592dfba2e05f5b1e43af3954aafcbc1096a5b2", size = 11137288, upload-time = "2026-02-12T23:09:07.475Z" },
    { url = "https://files.pythonhosted.org/packages/cd/20/6f8d7d8f768c93b0382b33b9306b3b999918816da46537d5a61635514635/ruff-0.15.1-py3-none-manylinux_2_31_riscv64.whl", hash = "sha256:5631c940fe9fe91f817a4c2ea4e81f47bee3ca4aa646134a24374f3c19ad9454", size = 11070681, upload-time = "2026-02-12T23:08:55.43Z" },
    { url = "https://files.pythonhosted.org/packages/9a/67/d640ac76069f64cdea59dba02af2e00b1fa30e2103c7f8d049c0cff4cafd/ruff-0.15.1-py3-none-musllinux_1_2_aarch64.whl", hash = "sha256:68138a4ba184b4691ccdc39f7795c66b3c68160c586519e7e8444cf5a53e1b4c", size = 10486401, upload-time = "2026-02-12T23:09:27.927Z" },
    { url = "https://files.pythonhosted.org/packages/65/3d/e1429f64a3ff89297497916b88c32a5cc88eeca7e9c787072d0e7f1d3e1e/ruff-0.15.1-py3-none-musllinux_1_2_armv7l.whl", hash = "sha256:518f9af03bfc33c03bdb4cb63fabc935341bb7f54af500f92ac309ecfbba6330", size = 10197452, upload-time = "2026-02-12T23:09:12.147Z" },
    { url = "https://files.pythonhosted.org/packages/78/83/e2c3bade17dad63bf1e1c2ffaf11490603b760be149e1419b07049b36ef2/ruff-0.15.1-py3-none-musllinux_1_2_i686.whl", hash = "sha256:da79f4d6a826caaea95de0237a67e33b81e6ec2e25fc7e1993a4015dffca7c61", size = 10693900, upload-time = "2026-02-12T23:09:34.418Z" },
    { url = "https://files.pythonhosted.org/packages/a1/27/fdc0e11a813e6338e0706e8b39bb7a1d61ea5b36873b351acee7e524a72a/ruff-0.15.1-py3-none-musllinux_1_2_x86_64.whl", hash = "sha256:3dd86dccb83cd7d4dcfac303ffc277e6048600dfc22e38158afa208e8bf94a1f", size = 11227302, upload-time = "2026-02-12T23:09:36.536Z" },
    { url = "https://files.pythonhosted.org/packages/f6/58/ac864a75067dcbd3b95be5ab4eb2b601d7fbc3d3d736a27e391a4f92a5c1/ruff-0.15.1-py3-none-win32.whl", hash = "sha256:660975d9cb49b5d5278b12b03bb9951d554543a90b74ed5d366b20e2c57c2098", size = 10462555, upload-time = "2026-02-12T23:09:29.899Z" },
    { url = "https://files.pythonhosted.org/packages/e0/5e/d4ccc8a27ecdb78116feac4935dfc39d1304536f4296168f91ed3ec00cd2/ruff-0.15.1-py3-none-win_amd64.whl", hash = "sha256:c820fef9dd5d4172a6570e5721704a96c6679b80cf7be41659ed439653f62336", size = 11599956, upload-time = "2026-02-12T23:09:01.157Z" },
    { url = "https://files.pythonhosted.org/packages/2a/07/5bda6a85b220c64c65686bc85bd0bbb23b29c62b3a9f9433fa55f17cda93/ruff-0.15.1-py3-none-win_arm64.whl", hash = "sha256:5ff7d5f0f88567850f45081fac8f4ec212be8d0b963e385c3f7d0d2eb4899416", size = 10874604, upload-time = "2026-02-12T23:09:05.515Z" },
]

[[package]]
name = "sqlparse"
version = "0.5.5"
source = { registry = "https://pypi.org/simple" }
sdist = { url = "https://files.pythonhosted.org/packages/90/76/437d71068094df0726366574cf3432a4ed754217b436eb7429415cf2d480/sqlparse-0.5.5.tar.gz", hash = "sha256:e20d4a9b0b8585fdf63b10d30066c7c94c5d7a7ec47c889a2d83a3caa93ff28e", size = 120815, upload-time = "2025-12-19T07:17:45.073Z" }
wheels = [
    { url = "https://files.pythonhosted.org/packages/49/4b/359f28a903c13438ef59ebeee215fb25da53066db67b305c125f1c6d2a25/sqlparse-0.5.5-py3-none-any.whl", hash = "sha256:12a08b3bf3eec877c519589833aed092e2444e68240a3577e8e26148acc7b1ba", size = 46138, upload-time = "2025-12-19T07:17:46.573Z" },
]

[[package]]
name = "types-pyyaml"
version = "6.0.12.20250915"
source = { registry = "https://pypi.org/simple" }
sdist = { url = "https://files.pythonhosted.org/packages/7e/69/3c51b36d04da19b92f9e815be12753125bd8bc247ba0470a982e6979e71c/types_pyyaml-6.0.12.20250915.tar.gz", hash = "sha256:0f8b54a528c303f0e6f7165687dd33fafa81c807fcac23f632b63aa624ced1d3", size = 17522, upload-time = "2025-09-15T03:01:00.728Z" }
wheels = [
    { url = "https://files.pythonhosted.org/packages/bd/e0/1eed384f02555dde685fff1a1ac805c1c7dcb6dd019c916fe659b1c1f9ec/types_pyyaml-6.0.12.20250915-py3-none-any.whl", hash = "sha256:e7d4d9e064e89a3b3cae120b4990cd370874d2bf12fa5f46c97018dd5d3c9ab6", size = 20338, upload-time = "2025-09-15T03:00:59.218Z" },
]

[[package]]
name = "typing-extensions"
version = "4.15.0"
source = { registry = "https://pypi.org/simple" }
sdist = { url = "https://files.pythonhosted.org/packages/72/94/1a15dd82efb362ac84269196e94cf00f187f7ed21c242792a923cdb1c61f/typing_extensions-4.15.0.tar.gz", hash = "sha256:0cea48d173cc12fa28ecabc3b837ea3cf6f38c6d1136f85cbaaf598984861466", size = 109391, upload-time = "2025-08-25T13:49:26.313Z" }
wheels = [
    { url = "https://files.pythonhosted.org/packages/18/67/36e9267722cc04a6b9f15c7f3441c2363321a3ea07da7ae0c0707beb2a9c/typing_extensions-4.15.0-py3-none-any.whl", hash = "sha256:f0fa19c6845758ab08074a0cfa8b7aecb71c999ca73d62883bc25cc018c4e548", size = 44614, upload-time = "2025-08-25T13:49:24.86Z" },
]

[[package]]
name = "tzdata"
version = "2025.3"
source = { registry = "https://pypi.org/simple" }
sdist = { url = "https://files.pythonhosted.org/packages/5e/a7/c202b344c5ca7daf398f3b8a477eeb205cf3b6f32e7ec3a6bac0629ca975/tzdata-2025.3.tar.gz", hash = "sha256:de39c2ca5dc7b0344f2eba86f49d614019d29f060fc4ebc8a417896a620b56a7", size = 196772, upload-time = "2025-12-13T17:45:35.667Z" }
wheels = [
    { url = "https://files.pythonhosted.org/packages/c7/b0/003792df09decd6849a5e39c28b513c06e84436a54440380862b5aeff25d/tzdata-2025.3-py2.py3-none-any.whl", hash = "sha256:06a47e5700f3081aab02b2e513160914ff0694bce9947d6b76ebd6bf57cfc5d1", size = 348521, upload-time = "2025-12-13T17:45:33.889Z" },
]
